# This file is automatically @generated by Cargo.
# It is not intended for manual editing.
[[package]]
name = "advent-of-code-2019"
version = "0.1.0"
dependencies = [
 "custom_error 1.7.1 (registry+https://github.com/rust-lang/crates.io-index)",
]

[[package]]
name = "custom_error"
version = "1.7.1"
source = "registry+https://github.com/rust-lang/crates.io-index"

[metadata]
"checksum custom_error 1.7.1 (registry+https://github.com/rust-lang/crates.io-index)" = "93a0fc65739ae998afc8d68e64bdac2efd1bc4ffa1a0703d171ef2defae3792f"
